{
  "name": "encoded",
  "version": "0.0.0",
  "dependencies": {
    "brace": {
      "version": "0.3.0",
      "from": "https://registry.npmjs.org/brace/-/brace-0.3.0.tgz",
      "resolved": "https://registry.npmjs.org/brace/-/brace-0.3.0.tgz",
      "dependencies": {
        "w3c-blob": {
          "version": "0.0.1",
          "from": "https://registry.npmjs.org/w3c-blob/-/w3c-blob-0.0.1.tgz",
          "resolved": "https://registry.npmjs.org/w3c-blob/-/w3c-blob-0.0.1.tgz"
        }
      }
    },
    "cookie-monster": {
      "version": "0.0.7",
      "from": "https://registry.npmjs.org/cookie-monster/-/cookie-monster-0.0.7.tgz",
      "resolved": "https://registry.npmjs.org/cookie-monster/-/cookie-monster-0.0.7.tgz"
    },
    "d3": {
      "version": "3.5.5",
      "from": "https://registry.npmjs.org/d3/-/d3-3.5.5.tgz",
      "resolved": "https://registry.npmjs.org/d3/-/d3-3.5.5.tgz"
    },
    "dagre-d3": {
      "version": "0.4.3-pre",
      "from": "git://github.com/ENCODE-DCC/dagre-d3.git#3d89b2a2a2d531fc2806b27bb15246912eb0ea40",
      "resolved": "git://github.com/ENCODE-DCC/dagre-d3.git#3d89b2a2a2d531fc2806b27bb15246912eb0ea40",
      "dependencies": {
        "dagre": {
          "version": "0.7.1",
          "from": "https://registry.npmjs.org/dagre/-/dagre-0.7.1.tgz",
          "resolved": "https://registry.npmjs.org/dagre/-/dagre-0.7.1.tgz"
        },
        "graphlib": {
          "version": "1.0.1",
          "from": "https://registry.npmjs.org/graphlib/-/graphlib-1.0.1.tgz",
          "resolved": "https://registry.npmjs.org/graphlib/-/graphlib-1.0.1.tgz"
        },
        "lodash": {
          "version": "2.4.1",
          "from": "https://registry.npmjs.org/lodash/-/lodash-2.4.1.tgz",
          "resolved": "https://registry.npmjs.org/lodash/-/lodash-2.4.1.tgz"
        }
      }
    },
    "dalliance": {
      "version": "0.13.0",
      "from": "git://github.com/ENCODE-DCC/dalliance.git#commonjs-require",
      "resolved": "git://github.com/ENCODE-DCC/dalliance.git#1f796bf1199a267916dfd451c052b4dd7ec98301",
      "dependencies": {
        "jszlib": {
          "version": "0.2.1",
          "from": "git://github.com/dasmoth/jszlib.git",
          "resolved": "git://github.com/dasmoth/jszlib.git#4e562c7b88749f3e1e402737ddef5f96bf0906c6"
        },
        "es6-promise": {
          "version": "0.1.2",
          "from": "es6-promise@>=0.1.1 <0.2.0",
          "resolved": "https://registry.npmjs.org/es6-promise/-/es6-promise-0.1.2.tgz"
        }
      }
    },
    "domready": {
      "version": "0.3.0",
      "from": "https://registry.npmjs.org/domready/-/domready-0.3.0.tgz",
      "resolved": "https://registry.npmjs.org/domready/-/domready-0.3.0.tgz"
    },
    "es5-shim": {
      "version": "4.1.1",
      "from": "https://registry.npmjs.org/es5-shim/-/es5-shim-4.1.1.tgz",
      "resolved": "https://registry.npmjs.org/es5-shim/-/es5-shim-4.1.1.tgz"
    },
    "es6-promise": {
      "version": "2.1.0",
      "from": "https://registry.npmjs.org/es6-promise/-/es6-promise-2.1.0.tgz",
      "resolved": "https://registry.npmjs.org/es6-promise/-/es6-promise-2.1.0.tgz"
    },
    "form-serialize": {
      "version": "0.6.0",
      "from": "https://registry.npmjs.org/form-serialize/-/form-serialize-0.6.0.tgz",
      "resolved": "https://registry.npmjs.org/form-serialize/-/form-serialize-0.6.0.tgz"
    },
    "html5shiv": {
      "version": "3.7.2",
      "from": "https://registry.npmjs.org/html5shiv/-/html5shiv-3.7.2.tgz",
      "resolved": "https://registry.npmjs.org/html5shiv/-/html5shiv-3.7.2.tgz"
    },
    "immutable": {
      "version": "3.7.2",
      "from": "https://registry.npmjs.org/immutable/-/immutable-3.7.2.tgz",
      "resolved": "https://registry.npmjs.org/immutable/-/immutable-3.7.2.tgz"
    },
    "jquery": {
      "version": "1.11.2",
      "from": "https://registry.npmjs.org/jquery/-/jquery-1.11.2.tgz",
      "resolved": "https://registry.npmjs.org/jquery/-/jquery-1.11.2.tgz"
    },
    "node-ckeditor": {
      "version": "4.3.2",
      "from": "https://registry.npmjs.org/node-ckeditor/-/node-ckeditor-4.3.2.tgz",
      "resolved": "https://registry.npmjs.org/node-ckeditor/-/node-ckeditor-4.3.2.tgz"
    },
    "react": {
      "version": "0.12.2",
      "from": "https://registry.npmjs.org/react/-/react-0.12.2.tgz",
      "resolved": "https://registry.npmjs.org/react/-/react-0.12.2.tgz"
    },
    "react-bootstrap": {
      "version": "0.15.1",
      "from": "https://registry.npmjs.org/react-bootstrap/-/react-bootstrap-0.15.1.tgz",
      "resolved": "https://registry.npmjs.org/react-bootstrap/-/react-bootstrap-0.15.1.tgz"
    },
    "react-forms": {
      "version": "1.0.0-rc3",
      "from": "git://github.com/prometheusresearch/react-forms.git#8c6cf9ccf3e474da97d01cb2d6827ff896892785",
      "resolved": "git://github.com/prometheusresearch/react-forms.git#8c6cf9ccf3e474da97d01cb2d6827ff896892785",
      "dependencies": {
        "reactify": {
          "version": "0.17.1",
          "from": "https://registry.npmjs.org/reactify/-/reactify-0.17.1.tgz",
          "resolved": "https://registry.npmjs.org/reactify/-/reactify-0.17.1.tgz",
          "dependencies": {
            "jstransform": {
              "version": "8.2.0",
              "from": "https://registry.npmjs.org/jstransform/-/jstransform-8.2.0.tgz",
              "resolved": "https://registry.npmjs.org/jstransform/-/jstransform-8.2.0.tgz",
              "dependencies": {
                "base62": {
                  "version": "0.1.1",
                  "from": "https://registry.npmjs.org/base62/-/base62-0.1.1.tgz",
                  "resolved": "https://registry.npmjs.org/base62/-/base62-0.1.1.tgz"
                },
                "esprima-fb": {
                  "version": "8001.1001.0-dev-harmony-fb",
                  "from": "https://registry.npmjs.org/esprima-fb/-/esprima-fb-8001.1001.0-dev-harmony-fb.tgz",
                  "resolved": "https://registry.npmjs.org/esprima-fb/-/esprima-fb-8001.1001.0-dev-harmony-fb.tgz"
                },
                "source-map": {
                  "version": "0.1.31",
                  "from": "https://registry.npmjs.org/source-map/-/source-map-0.1.31.tgz",
                  "resolved": "https://registry.npmjs.org/source-map/-/source-map-0.1.31.tgz",
                  "dependencies": {
                    "amdefine": {
                      "version": "0.1.0",
                      "from": "https://registry.npmjs.org/amdefine/-/amdefine-0.1.0.tgz",
                      "resolved": "https://registry.npmjs.org/amdefine/-/amdefine-0.1.0.tgz"
                    }
                  }
                }
              }
            }
          }
        }
      }
    },
    "scriptjs": {
      "version": "2.5.7",
      "from": "https://registry.npmjs.org/scriptjs/-/scriptjs-2.5.7.tgz",
      "resolved": "https://registry.npmjs.org/scriptjs/-/scriptjs-2.5.7.tgz"
    },
    "shivie8": {
      "version": "1.0.0",
      "from": "https://registry.npmjs.org/shivie8/-/shivie8-1.0.0.tgz",
      "resolved": "https://registry.npmjs.org/shivie8/-/shivie8-1.0.0.tgz"
    },
    "source-map-support": {
      "version": "0.2.10",
      "from": "https://registry.npmjs.org/source-map-support/-/source-map-support-0.2.10.tgz",
      "resolved": "https://registry.npmjs.org/source-map-support/-/source-map-support-0.2.10.tgz",
      "dependencies": {
        "source-map": {
          "version": "0.1.32",
          "from": "https://registry.npmjs.org/source-map/-/source-map-0.1.32.tgz",
          "resolved": "https://registry.npmjs.org/source-map/-/source-map-0.1.32.tgz",
          "dependencies": {
            "amdefine": {
              "version": "0.1.0",
              "from": "https://registry.npmjs.org/amdefine/-/amdefine-0.1.0.tgz",
              "resolved": "https://registry.npmjs.org/amdefine/-/amdefine-0.1.0.tgz"
            }
          }
        }
      }
    },
    "subprocess-middleware": {
      "version": "0.1.0",
      "from": "https://registry.npmjs.org/subprocess-middleware/-/subprocess-middleware-0.1.0.tgz",
      "resolved": "https://registry.npmjs.org/subprocess-middleware/-/subprocess-middleware-0.1.0.tgz"
    },
    "underscore": {
      "version": "1.8.3",
      "from": "https://registry.npmjs.org/underscore/-/underscore-1.8.3.tgz",
      "resolved": "https://registry.npmjs.org/underscore/-/underscore-1.8.3.tgz"
    },
    "whatwg-fetch": {
      "version": "0.7.0",
      "from": "git://github.com/lrowe/fetch.git#bf5d58b738fb2ed6d60791b944d36075fee8604a",
      "resolved": "git://github.com/lrowe/fetch.git#bf5d58b738fb2ed6d60791b944d36075fee8604a"
    }
  }
}
