{
  "name": "encoded",
  "version": "0.0.0",
  "dependencies": {
    "brace": {
      "version": "0.3.0",
      "from": "https://registry.npmjs.org/brace/-/brace-0.3.0.tgz",
      "resolved": "https://registry.npmjs.org/brace/-/brace-0.3.0.tgz",
      "dependencies": {
        "w3c-blob": {
          "version": "0.0.1",
          "from": "https://registry.npmjs.org/w3c-blob/-/w3c-blob-0.0.1.tgz",
          "resolved": "https://registry.npmjs.org/w3c-blob/-/w3c-blob-0.0.1.tgz"
        }
      }
    },
    "ckeditor": {
      "version": "0.1.0",
      "from": "node_shims/ckeditor",
      "resolved": "file:node_shims/ckeditor"
    },
    "color": {
      "version": "0.10.1",
      "from": "https://registry.npmjs.org/color/-/color-0.10.1.tgz",
      "resolved": "https://registry.npmjs.org/color/-/color-0.10.1.tgz",
      "dependencies": {
        "color-convert": {
          "version": "0.5.3",
          "from": "https://registry.npmjs.org/color-convert/-/color-convert-0.5.3.tgz",
          "resolved": "https://registry.npmjs.org/color-convert/-/color-convert-0.5.3.tgz"
        },
        "color-string": {
          "version": "0.3.0",
          "from": "https://registry.npmjs.org/color-string/-/color-string-0.3.0.tgz",
          "resolved": "https://registry.npmjs.org/color-string/-/color-string-0.3.0.tgz",
          "dependencies": {
            "color-name": {
              "version": "1.0.1",
              "from": "https://registry.npmjs.org/color-name/-/color-name-1.0.1.tgz",
              "resolved": "https://registry.npmjs.org/color-name/-/color-name-1.0.1.tgz"
            }
          }
        }
      }
    },
    "cookie-monster": {
      "version": "0.0.7",
      "from": "https://registry.npmjs.org/cookie-monster/-/cookie-monster-0.0.7.tgz",
      "resolved": "https://registry.npmjs.org/cookie-monster/-/cookie-monster-0.0.7.tgz"
    },
    "d3": {
      "version": "3.5.6",
      "from": "https://registry.npmjs.org/d3/-/d3-3.5.6.tgz",
      "resolved": "https://registry.npmjs.org/d3/-/d3-3.5.6.tgz"
    },
    "dagre-d3": {
      "version": "0.4.3-pre",
      "from": "git+https://github.com/ENCODE-DCC/dagre-d3.git#6dc456e09a43a20ad08905479077b27897740293",
      "resolved": "git+https://github.com/ENCODE-DCC/dagre-d3.git#6dc456e09a43a20ad08905479077b27897740293",
      "dependencies": {
        "dagre": {
          "version": "0.7.4",
          "from": "https://registry.npmjs.org/dagre/-/dagre-0.7.4.tgz",
          "resolved": "https://registry.npmjs.org/dagre/-/dagre-0.7.4.tgz",
          "dependencies": {
            "lodash": {
              "version": "3.10.1",
              "from": "https://registry.npmjs.org/lodash/-/lodash-3.10.1.tgz",
              "resolved": "https://registry.npmjs.org/lodash/-/lodash-3.10.1.tgz"
            }
          }
        },
        "graphlib": {
          "version": "1.0.7",
          "from": "https://registry.npmjs.org/graphlib/-/graphlib-1.0.7.tgz",
          "resolved": "https://registry.npmjs.org/graphlib/-/graphlib-1.0.7.tgz",
          "dependencies": {
            "lodash": {
              "version": "3.10.1",
              "from": "https://registry.npmjs.org/lodash/-/lodash-3.10.1.tgz",
              "resolved": "https://registry.npmjs.org/lodash/-/lodash-3.10.1.tgz"
            }
          }
        },
        "lodash": {
          "version": "2.4.2",
          "from": "https://registry.npmjs.org/lodash/-/lodash-2.4.2.tgz",
          "resolved": "https://registry.npmjs.org/lodash/-/lodash-2.4.2.tgz"
        }
      }
    },
    "domready": {
      "version": "0.3.0",
      "from": "https://registry.npmjs.org/domready/-/domready-0.3.0.tgz",
      "resolved": "https://registry.npmjs.org/domready/-/domready-0.3.0.tgz"
    },
    "form-serialize": {
      "version": "0.6.0",
      "from": "https://registry.npmjs.org/form-serialize/-/form-serialize-0.6.0.tgz",
      "resolved": "https://registry.npmjs.org/form-serialize/-/form-serialize-0.6.0.tgz"
    },
    "google-analytics": {
      "version": "0.1.0",
      "from": "node_shims/google-analytics",
      "resolved": "file:node_shims/google-analytics"
    },
    "immutable": {
      "version": "3.7.5",
      "from": "https://registry.npmjs.org/immutable/-/immutable-3.7.5.tgz",
      "resolved": "https://registry.npmjs.org/immutable/-/immutable-3.7.5.tgz"
    },
    "marked": {
      "version": "0.3.5",
      "from": "https://registry.npmjs.org/marked/-/marked-0.3.5.tgz",
      "resolved": "https://registry.npmjs.org/marked/-/marked-0.3.5.tgz"
    },
    "query-string": {
      "version": "4.1.0",
      "from": "query-string@*",
      "resolved": "https://registry.npmjs.org/query-string/-/query-string-4.1.0.tgz",
      "dependencies": {
        "strict-uri-encode": {
          "version": "1.1.0",
          "from": "strict-uri-encode@>=1.0.0 <2.0.0",
          "resolved": "https://registry.npmjs.org/strict-uri-encode/-/strict-uri-encode-1.1.0.tgz"
        }
      }
    },
    "react": {
      "version": "0.12.2",
      "from": "https://registry.npmjs.org/react/-/react-0.12.2.tgz",
      "resolved": "https://registry.npmjs.org/react/-/react-0.12.2.tgz"
    },
    "react-bootstrap": {
      "version": "0.15.1",
      "from": "https://registry.npmjs.org/react-bootstrap/-/react-bootstrap-0.15.1.tgz",
      "resolved": "https://registry.npmjs.org/react-bootstrap/-/react-bootstrap-0.15.1.tgz"
    },
    "react-forms": {
      "version": "1.0.0-rc3",
      "from": "git+https://github.com/lrowe/react-forms.git#3953a633b1f77640dffb5e3f1d5bbe78a98c3dfe",
      "resolved": "git+https://github.com/lrowe/react-forms.git#3953a633b1f77640dffb5e3f1d5bbe78a98c3dfe"
    },
    "scriptjs": {
      "version": "2.5.8",
      "from": "https://registry.npmjs.org/scriptjs/-/scriptjs-2.5.8.tgz",
      "resolved": "https://registry.npmjs.org/scriptjs/-/scriptjs-2.5.8.tgz"
    },
    "shivie8": {
      "version": "1.0.0",
      "from": "https://registry.npmjs.org/shivie8/-/shivie8-1.0.0.tgz",
      "resolved": "https://registry.npmjs.org/shivie8/-/shivie8-1.0.0.tgz"
    },
    "source-map-support": {
      "version": "0.2.10",
      "from": "https://registry.npmjs.org/source-map-support/-/source-map-support-0.2.10.tgz",
      "resolved": "https://registry.npmjs.org/source-map-support/-/source-map-support-0.2.10.tgz",
      "dependencies": {
        "source-map": {
          "version": "0.1.32",
          "from": "https://registry.npmjs.org/source-map/-/source-map-0.1.32.tgz",
          "resolved": "https://registry.npmjs.org/source-map/-/source-map-0.1.32.tgz",
          "dependencies": {
            "amdefine": {
              "version": "1.0.0",
              "from": "https://registry.npmjs.org/amdefine/-/amdefine-1.0.0.tgz",
              "resolved": "https://registry.npmjs.org/amdefine/-/amdefine-1.0.0.tgz"
            }
          }
        }
      }
    },
    "subprocess-middleware": {
      "version": "0.1.0",
      "from": "https://registry.npmjs.org/subprocess-middleware/-/subprocess-middleware-0.1.0.tgz",
      "resolved": "https://registry.npmjs.org/subprocess-middleware/-/subprocess-middleware-0.1.0.tgz"
    },
    "underscore": {
      "version": "1.8.3",
      "from": "https://registry.npmjs.org/underscore/-/underscore-1.8.3.tgz",
      "resolved": "https://registry.npmjs.org/underscore/-/underscore-1.8.3.tgz"
    },
    "whatwg-fetch": {
      "version": "0.7.0",
      "from": "git+https://github.com/lrowe/fetch.git#bf5d58b738fb2ed6d60791b944d36075fee8604a",
      "resolved": "git+https://github.com/lrowe/fetch.git#bf5d58b738fb2ed6d60791b944d36075fee8604a"
    }
  }
}
